
Microsoft Visual Studio Solution File, Format Version 12.00
# Visual Studio Version 17
VisualStudioVersion = 17.10.35004.147
MinimumVisualStudioVersion = 10.0.40219.1
Project("{FAE04EC0-301F-11D3-BF4B-00C04F79EFBC}") = "StudentRegAndLogin.Web", "StudentRegAndLogin.web\StudentRegAndLogin.Web.csproj", "{59EB9150-DA7F-4251-A57C-CAD92E620916}"
EndProject
Project("{FAE04EC0-301F-11D3-BF4B-00C04F79EFBC}") = "StudentRegAndLogin.Models", "StudentRegAndLogin.models\StudentRegAndLogin.Models.csproj", "{31CCFEAA-17DE-4B55-9858-53B4C62C4ED2}"
EndProject
Project("{FAE04EC0-301F-11D3-BF4B-00C04F79EFBC}") = "StudentRegAndLogin.Services", "StudentRegAndLogin.services\StudentRegAndLogin.Services.csproj", "{76670D13-DC18-4485-983B-C7A1F391BF3F}"
EndProject
Project("{FAE04EC0-301F-11D3-BF4B-00C04F79EFBC}") = "StudentRegAndLogin.Data", "StudentRegAndLogin.globaldb\StudentRegAndLogin.Data.csproj", "{C011E383-D25E-4769-9750-4DE876B250A0}"
EndProject
Global
	GlobalSection(SolutionConfigurationPlatforms) = preSolution
		Debug|Any CPU = Debug|Any CPU
		Release|Any CPU = Release|Any CPU
	EndGlobalSection
	GlobalSection(ProjectConfigurationPlatforms) = postSolution
		{59EB9150-DA7F-4251-A57C-CAD92E620916}.Debug|Any CPU.ActiveCfg = Debug|Any CPU
		{59EB9150-DA7F-4251-A57C-CAD92E620916}.Debug|Any CPU.Build.0 = Debug|Any CPU
		{59EB9150-DA7F-4251-A57C-CAD92E620916}.Release|Any CPU.ActiveCfg = Release|Any CPU
		{59EB9150-DA7F-4251-A57C-CAD92E620916}.Release|Any CPU.Build.0 = Release|Any CPU
		{31CCFEAA-17DE-4B55-9858-53B4C62C4ED2}.Debug|Any CPU.ActiveCfg = Debug|Any CPU
		{31CCFEAA-17DE-4B55-9858-53B4C62C4ED2}.Debug|Any CPU.Build.0 = Debug|Any CPU
		{31CCFEAA-17DE-4B55-9858-53B4C62C4ED2}.Release|Any CPU.ActiveCfg = Release|Any CPU
		{31CCFEAA-17DE-4B55-9858-53B4C62C4ED2}.Release|Any CPU.Build.0 = Release|Any CPU
		{76670D13-DC18-4485-983B-C7A1F391BF3F}.Debug|Any CPU.ActiveCfg = Debug|Any CPU
		{76670D13-DC18-4485-983B-C7A1F391BF3F}.Debug|Any CPU.Build.0 = Debug|Any CPU
		{76670D13-DC18-4485-983B-C7A1F391BF3F}.Release|Any CPU.ActiveCfg = Release|Any CPU
		{76670D13-DC18-4485-983B-C7A1F391BF3F}.Release|Any CPU.Build.0 = Release|Any CPU
		{C011E383-D25E-4769-9750-4DE876B250A0}.Debug|Any CPU.ActiveCfg = Debug|Any CPU
		{C011E383-D25E-4769-9750-4DE876B250A0}.Debug|Any CPU.Build.0 = Debug|Any CPU
		{C011E383-D25E-4769-9750-4DE876B250A0}.Release|Any CPU.ActiveCfg = Release|Any CPU
		{C011E383-D25E-4769-9750-4DE876B250A0}.Release|Any CPU.Build.0 = Release|Any CPU
	EndGlobalSection
	GlobalSection(SolutionProperties) = preSolution
		HideSolutionNode = FALSE
	EndGlobalSection
	GlobalSection(ExtensibilityGlobals) = postSolution
		SolutionGuid = {023BCD38-1DC4-4314-90B5-22A2AD77FBC0}
	EndGlobalSection
EndGlobal
